
Microsoft Visual Studio Solution File, Format Version 12.00
# Visual Studio Version 17
VisualStudioVersion = 17.13.35913.81 d17.13
MinimumVisualStudioVersion = 10.0.40219.1
Project("{FAE04EC0-301F-11D3-BF4B-00C04F79EFBC}") = "AssignmentOperators", "AssignmentOperators\AssignmentOperators.csproj", "{48BDE2FF-07A8-4B89-A7C2-7759578283F8}"
EndProject
Global
	GlobalSection(SolutionConfigurationPlatforms) = preSolution
		Debug|Any CPU = Debug|Any CPU
		Release|Any CPU = Release|Any CPU
	EndGlobalSection
	GlobalSection(ProjectConfigurationPlatforms) = postSolution
		{48BDE2FF-07A8-4B89-A7C2-7759578283F8}.Debug|Any CPU.ActiveCfg = Debug|Any CPU
		{48BDE2FF-07A8-4B89-A7C2-7759578283F8}.Debug|Any CPU.Build.0 = Debug|Any CPU
		{48BDE2FF-07A8-4B89-A7C2-7759578283F8}.Release|Any CPU.ActiveCfg = Release|Any CPU
		{48BDE2FF-07A8-4B89-A7C2-7759578283F8}.Release|Any CPU.Build.0 = Release|Any CPU
	EndGlobalSection
	GlobalSection(SolutionProperties) = preSolution
		HideSolutionNode = FALSE
	EndGlobalSection
	GlobalSection(ExtensibilityGlobals) = postSolution
		SolutionGuid = {E157FC0A-9789-457C-9DF9-DB962952BA2A}
	EndGlobalSection
EndGlobal
